PODS:
  - Masonry (1.1.0)
  - SDWebImage (5.12.5):
    - SDWebImage/Core (= 5.12.5)
  - SDWebImage/Core (5.12.5)
  - SJBaseVideoPlayer (3.6.7):
    - Masonry
    - SJBaseVideoPlayer/AVPlayer (= 3.6.7)
    - SJBaseVideoPlayer/Common (= 3.6.7)
    - SJUIKit/AttributesFactory (>= 0.0.0.38)
    - SJUIKit/ObserverHelper
    - SJUIKit/Queues
    - SJUIKit/SQLite3
  - SJBaseVideoPlayer/AVPlayer (3.6.7):
    - Masonry
    - SJBaseVideoPlayer/Common
    - SJUIKit/AttributesFactory (>= 0.0.0.38)
    - SJUIKit/ObserverHelper
    - SJUIKit/Queues
    - SJUIKit/SQLite3
  - SJBaseVideoPlayer/Common (3.6.7):
    - Masonry
    - SJBaseVideoPlayer/ResourceLoader
    - SJUIKit/AttributesFactory (>= 0.0.0.38)
    - SJUIKit/ObserverHelper
    - SJUIKit/Queues
    - SJUIKit/SQLite3
  - SJBaseVideoPlayer/ResourceLoader (3.6.7):
    - Masonry
    - SJUIKit/AttributesFactory (>= 0.0.0.38)
    - SJUIKit/ObserverHelper
    - SJUIKit/Queues
    - SJUIKit/SQLite3
  - SJUIKit/AttributesFactory (0.0.0.58):
    - SJUIKit/AttributesFactory/Deprecated (= 0.0.0.58)
    - SJUIKit/AttributesFactory/UIKitText (= 0.0.0.58)
  - SJUIKit/AttributesFactory/Deprecated (0.0.0.58)
  - SJUIKit/AttributesFactory/UIKitText (0.0.0.58)
  - SJUIKit/ObserverHelper (0.0.0.58)
  - SJUIKit/Queues (0.0.0.58)
  - SJUIKit/SQLite3 (0.0.0.58):
    - SJUIKit/SQLite3/Core (= 0.0.0.58)
    - SJUIKit/SQLite3/Protocol (= 0.0.0.58)
    - YYModel
  - SJUIKit/SQLite3/Core (0.0.0.58):
    - SJUIKit/SQLite3/Protocol
    - YYModel
  - SJUIKit/SQLite3/Protocol (0.0.0.58):
    - YYModel
  - SJVideoPlayer (3.3.2):
    - SJBaseVideoPlayer (>= 3.6.0)
    - SJVideoPlayer/Common (= 3.3.2)
    - SJVideoPlayer/ControlLayers (= 3.3.2)
    - SJVideoPlayer/ResourceLoader (= 3.3.2)
  - SJVideoPlayer/Common (3.3.2):
    - Masonry
    - SJBaseVideoPlayer (>= 3.6.0)
    - SJUIKit/AttributesFactory
    - SJVideoPlayer/ResourceLoader
  - SJVideoPlayer/ControlLayers (3.3.2):
    - SJBaseVideoPlayer (>= 3.6.0)
    - SJVideoPlayer/Common
  - SJVideoPlayer/ResourceLoader (3.3.2):
    - SJBaseVideoPlayer (>= 3.6.0)
  - YYModel (1.0.4)

DEPENDENCIES:
  - Masonry
  - SDWebImage
  - SJBaseVideoPlayer (from `https://gitee.com/changsanjiang/SJBaseVideoPlayer.git`)
  - SJVideoPlayer (from `https://gitee.com/changsanjiang/SJVideoPlayer.git`)

SPEC REPOS:
  trunk:
    - Masonry
    - SDWebImage
    - SJUIKit
    - YYModel

EXTERNAL SOURCES:
  SJBaseVideoPlayer:
    :git: https://gitee.com/changsanjiang/SJBaseVideoPlayer.git
  SJVideoPlayer:
    :git: https://gitee.com/changsanjiang/SJVideoPlayer.git

CHECKOUT OPTIONS:
  SJBaseVideoPlayer:
    :commit: fb1a40eeffdfe7449deb98d0683017cb0945f921
    :git: https://gitee.com/changsanjiang/SJBaseVideoPlayer.git
  SJVideoPlayer:
    :commit: 6a4c1716ebdd30f21d0fdc127b32c8630aed8a32
    :git: https://gitee.com/changsanjiang/SJVideoPlayer.git

SPEC CHECKSUMS:
  Masonry: 678fab65091a9290e40e2832a55e7ab731aad201
  SDWebImage: 0905f1b7760fc8ac4198cae0036600d67478751e
  SJBaseVideoPlayer: b3325d5d8c3cfd1371926d91230f4220724818f3
  SJUIKit: 86d5b16f8b8b17274ef8805acf965e4014629e15
  SJVideoPlayer: 3a271ff92c7b9d611c537655fd1edcbae18b8587
  YYModel: 2a7fdd96aaa4b86a824e26d0c517de8928c04b30

PODFILE CHECKSUM: 86cf1bc29f09e4eae38709d4c44a7c550fc1a32d

COCOAPODS: 1.11.3
